// !$*UTF8*$!
{
	archiveVersion = 1;
	classes = {
	};
	objectVersion = 56;
	objects = {

/* Begin PBXBuildFile section */
		758E08EE2BC58F64003B98D6 /* PassthroughWindow.swift in Sources */ = {isa = PBXBuildFile; fileRef = 758E08ED2BC58F64003B98D6 /* PassthroughWindow.swift */; };
		758E08F02BC58F87003B98D6 /* Toast.swift in Sources */ = {isa = PBXBuildFile; fileRef = 758E08EF2BC58F87003B98D6 /* Toast.swift */; };
		758E08F22BC58FD3003B98D6 /* ToastItem.swift in Sources */ = {isa = PBXBuildFile; fileRef = 758E08F12BC58FD3003B98D6 /* ToastItem.swift */; };
		758E08F42BC58FF6003B98D6 /* ToastGroup.swift in Sources */ = {isa = PBXBuildFile; fileRef = 758E08F32BC58FF6003B98D6 /* ToastGroup.swift */; };
		758E08F62BC59017003B98D6 /* ToastView.swift in Sources */ = {isa = PBXBuildFile; fileRef = 758E08F52BC59017003B98D6 /* ToastView.swift */; };
		758E08F82BC59099003B98D6 /* ContentView.swift in Sources */ = {isa = PBXBuildFile; fileRef = 758E08F72BC59099003B98D6 /* ContentView.swift */; };
		758E08FB2BC592E6003B98D6 /* ToastsCore.swift in Sources */ = {isa = PBXBuildFile; fileRef = 758E08FA2BC592E6003B98D6 /* ToastsCore.swift */; };
		75D9F6C22A336DFF001A3908 /* HMToasts.docc in Sources */ = {isa = PBXBuildFile; fileRef = 75D9F6C12A336DFF001A3908 /* HMToasts.docc */; };
		75D9F6C82A336DFF001A3908 /* Hummel_Toasts.framework in Frameworks */ = {isa = PBXBuildFile; fileRef = 75D9F6BD2A336DFF001A3908 /* Hummel_Toasts.framework */; };
		75D9F6CD2A336DFF001A3908 /* HMToastsTests.swift in Sources */ = {isa = PBXBuildFile; fileRef = 75D9F6CC2A336DFF001A3908 /* HMToastsTests.swift */; };
		75D9F6CE2A336DFF001A3908 /* HMToasts.h in Headers */ = {isa = PBXBuildFile; fileRef = 75D9F6C02A336DFF001A3908 /* HMToasts.h */; settings = {ATTRIBUTES = (Public, ); }; };
/* End PBXBuildFile section */

/* Begin PBXContainerItemProxy section */
		75D9F6C92A336DFF001A3908 /* PBXContainerItemProxy */ = {
			isa = PBXContainerItemProxy;
			containerPortal = 75D9F6B42A336DFF001A3908 /* Project object */;
			proxyType = 1;
			remoteGlobalIDString = 75D9F6BC2A336DFF001A3908;
			remoteInfo = HMToasts;
		};
/* End PBXContainerItemProxy section */

/* Begin PBXFileReference section */
		758E08ED2BC58F64003B98D6 /* PassthroughWindow.swift */ = {isa = PBXFileReference; lastKnownFileType = sourcecode.swift; path = PassthroughWindow.swift; sourceTree = "<group>"; };
		758E08EF2BC58F87003B98D6 /* Toast.swift */ = {isa = PBXFileReference; lastKnownFileType = sourcecode.swift; path = Toast.swift; sourceTree = "<group>"; };
		758E08F12BC58FD3003B98D6 /* ToastItem.swift */ = {isa = PBXFileReference; lastKnownFileType = sourcecode.swift; path = ToastItem.swift; sourceTree = "<group>"; };
		758E08F32BC58FF6003B98D6 /* ToastGroup.swift */ = {isa = PBXFileReference; lastKnownFileType = sourcecode.swift; path = ToastGroup.swift; sourceTree = "<group>"; };
		758E08F52BC59017003B98D6 /* ToastView.swift */ = {isa = PBXFileReference; lastKnownFileType = sourcecode.swift; path = ToastView.swift; sourceTree = "<group>"; };
		758E08F72BC59099003B98D6 /* ContentView.swift */ = {isa = PBXFileReference; fileEncoding = 4; lastKnownFileType = sourcecode.swift; path = ContentView.swift; sourceTree = "<group>"; };
		758E08FA2BC592E6003B98D6 /* ToastsCore.swift */ = {isa = PBXFileReference; lastKnownFileType = sourcecode.swift; path = ToastsCore.swift; sourceTree = "<group>"; };
		75D9F6BD2A336DFF001A3908 /* Hummel_Toasts.framework */ = {isa = PBXFileReference; explicitFileType = wrapper.framework; includeInIndex = 0; path = Hummel_Toasts.framework; sourceTree = BUILT_PRODUCTS_DIR; };
		75D9F6C02A336DFF001A3908 /* HMToasts.h */ = {isa = PBXFileReference; lastKnownFileType = sourcecode.c.h; path = HMToasts.h; sourceTree = "<group>"; };
		75D9F6C12A336DFF001A3908 /* HMToasts.docc */ = {isa = PBXFileReference; lastKnownFileType = folder.documentationcatalog; path = HMToasts.docc; sourceTree = "<group>"; };
		75D9F6C72A336DFF001A3908 /* Hummel ToastsTests.xctest */ = {isa = PBXFileReference; explicitFileType = wrapper.cfbundle; includeInIndex = 0; path = "Hummel ToastsTests.xctest"; sourceTree = BUILT_PRODUCTS_DIR; };
		75D9F6CC2A336DFF001A3908 /* HMToastsTests.swift */ = {isa = PBXFileReference; lastKnownFileType = sourcecode.swift; path = HMToastsTests.swift; sourceTree = "<group>"; };
/* End PBXFileReference section */

/* Begin PBXFrameworksBuildPhase section */
		75D9F6BA2A336DFF001A3908 /* Frameworks */ = {
			isa = PBXFrameworksBuildPhase;
			buildActionMask = 2147483647;
			files = (
			);
			runOnlyForDeploymentPostprocessing = 0;
		};
		75D9F6C42A336DFF001A3908 /* Frameworks */ = {
			isa = PBXFrameworksBuildPhase;
			buildActionMask = 2147483647;
			files = (
				75D9F6C82A336DFF001A3908 /* Hummel_Toasts.framework in Frameworks */,
			);
			runOnlyForDeploymentPostprocessing = 0;
		};
/* End PBXFrameworksBuildPhase section */

/* Begin PBXGroup section */
		758E08EC2BC58F56003B98D6 /* Common */ = {
			isa = PBXGroup;
			children = (
				758E08ED2BC58F64003B98D6 /* PassthroughWindow.swift */,
			);
			path = Common;
			sourceTree = "<group>";
		};
		758E08F92BC592A1003B98D6 /* ViewModifier */ = {
			isa = PBXGroup;
			children = (
				758E08FA2BC592E6003B98D6 /* ToastsCore.swift */,
			);
			path = ViewModifier;
			sourceTree = "<group>";
		};
		75D9F6B32A336DFF001A3908 = {
			isa = PBXGroup;
			children = (
				75D9F6BF2A336DFF001A3908 /* Hummel Toasts */,
				75D9F6CB2A336DFF001A3908 /* HMToastsTests */,
				75D9F6BE2A336DFF001A3908 /* Products */,
			);
			sourceTree = "<group>";
		};
		75D9F6BE2A336DFF001A3908 /* Products */ = {
			isa = PBXGroup;
			children = (
				75D9F6BD2A336DFF001A3908 /* Hummel_Toasts.framework */,
				75D9F6C72A336DFF001A3908 /* Hummel ToastsTests.xctest */,
			);
			name = Products;
			sourceTree = "<group>";
		};
		75D9F6BF2A336DFF001A3908 /* Hummel Toasts */ = {
			isa = PBXGroup;
			children = (
				758E08EC2BC58F56003B98D6 /* Common */,
				75D9F6DD2A337E54001A3908 /* Model */,
				75D9F6DA2A3378EC001A3908 /* ViewModel */,
				758E08F92BC592A1003B98D6 /* ViewModifier */,
				75D9F6D72A33711F001A3908 /* View */,
				75D9F6C02A336DFF001A3908 /* HMToasts.h */,
				75D9F6C12A336DFF001A3908 /* HMToasts.docc */,
			);
			path = "Hummel Toasts";
			sourceTree = "<group>";
		};
		75D9F6CB2A336DFF001A3908 /* HMToastsTests */ = {
			isa = PBXGroup;
			children = (
				75D9F6CC2A336DFF001A3908 /* HMToastsTests.swift */,
			);
			path = HMToastsTests;
			sourceTree = "<group>";
		};
		75D9F6D72A33711F001A3908 /* View */ = {
			isa = PBXGroup;
			children = (
				758E08F72BC59099003B98D6 /* ContentView.swift */,
				758E08F32BC58FF6003B98D6 /* ToastGroup.swift */,
				758E08F52BC59017003B98D6 /* ToastView.swift */,
			);
			path = View;
			sourceTree = "<group>";
		};
		75D9F6DA2A3378EC001A3908 /* ViewModel */ = {
			isa = PBXGroup;
			children = (
				758E08EF2BC58F87003B98D6 /* Toast.swift */,
			);
			path = ViewModel;
			sourceTree = "<group>";
		};
		75D9F6DD2A337E54001A3908 /* Model */ = {
			isa = PBXGroup;
			children = (
				758E08F12BC58FD3003B98D6 /* ToastItem.swift */,
			);
			path = Model;
			sourceTree = "<group>";
		};
/* End PBXGroup section */

/* Begin PBXHeadersBuildPhase section */
		75D9F6B82A336DFF001A3908 /* Headers */ = {
			isa = PBXHeadersBuildPhase;
			buildActionMask = 2147483647;
			files = (
				75D9F6CE2A336DFF001A3908 /* HMToasts.h in Headers */,
			);
			runOnlyForDeploymentPostprocessing = 0;
		};
/* End PBXHeadersBuildPhase section */

/* Begin PBXNativeTarget section */
		75D9F6BC2A336DFF001A3908 /* Hummel Toasts */ = {
			isa = PBXNativeTarget;
			buildConfigurationList = 75D9F6D12A336DFF001A3908 /* Build configuration list for PBXNativeTarget "Hummel Toasts" */;
			buildPhases = (
				75D9F6B82A336DFF001A3908 /* Headers */,
				75D9F6B92A336DFF001A3908 /* Sources */,
				75D9F6BA2A336DFF001A3908 /* Frameworks */,
				75D9F6BB2A336DFF001A3908 /* Resources */,
			);
			buildRules = (
			);
			dependencies = (
			);
			name = "Hummel Toasts";
			productName = HMToasts;
			productReference = 75D9F6BD2A336DFF001A3908 /* Hummel_Toasts.framework */;
			productType = "com.apple.product-type.framework";
		};
		75D9F6C62A336DFF001A3908 /* Hummel ToastsTests */ = {
			isa = PBXNativeTarget;
			buildConfigurationList = 75D9F6D42A336DFF001A3908 /* Build configuration list for PBXNativeTarget "Hummel ToastsTests" */;
			buildPhases = (
				75D9F6C32A336DFF001A3908 /* Sources */,
				75D9F6C42A336DFF001A3908 /* Frameworks */,
				75D9F6C52A336DFF001A3908 /* Resources */,
			);
			buildRules = (
			);
			dependencies = (
				75D9F6CA2A336DFF001A3908 /* PBXTargetDependency */,
			);
			name = "Hummel ToastsTests";
			productName = HMToastsTests;
			productReference = 75D9F6C72A336DFF001A3908 /* Hummel ToastsTests.xctest */;
			productType = "com.apple.product-type.bundle.unit-test";
		};
/* End PBXNativeTarget section */

/* Begin PBXProject section */
		75D9F6B42A336DFF001A3908 /* Project object */ = {
			isa = PBXProject;
			attributes = {
				BuildIndependentTargetsInParallel = 1;
				LastSwiftUpdateCheck = 1500;
				LastUpgradeCheck = 1530;
				TargetAttributes = {
					75D9F6BC2A336DFF001A3908 = {
						CreatedOnToolsVersion = 15.0;
					};
					75D9F6C62A336DFF001A3908 = {
						CreatedOnToolsVersion = 15.0;
					};
				};
			};
			buildConfigurationList = 75D9F6B72A336DFF001A3908 /* Build configuration list for PBXProject "Hummel Toasts" */;
			compatibilityVersion = "Xcode 14.0";
			developmentRegion = en;
			hasScannedForEncodings = 0;
			knownRegions = (
				en,
				Base,
			);
			mainGroup = 75D9F6B32A336DFF001A3908;
			productRefGroup = 75D9F6BE2A336DFF001A3908 /* Products */;
			projectDirPath = "";
			projectRoot = "";
			targets = (
				75D9F6BC2A336DFF001A3908 /* Hummel Toasts */,
				75D9F6C62A336DFF001A3908 /* Hummel ToastsTests */,
			);
		};
/* End PBXProject section */

/* Begin PBXResourcesBuildPhase section */
		75D9F6BB2A336DFF001A3908 /* Resources */ = {
			isa = PBXResourcesBuildPhase;
			buildActionMask = 2147483647;
			files = (
			);
			runOnlyForDeploymentPostprocessing = 0;
		};
		75D9F6C52A336DFF001A3908 /* Resources */ = {
			isa = PBXResourcesBuildPhase;
			buildActionMask = 2147483647;
			files = (
			);
			runOnlyForDeploymentPostprocessing = 0;
		};
/* End PBXResourcesBuildPhase section */

/* Begin PBXSourcesBuildPhase section */
		75D9F6B92A336DFF001A3908 /* Sources */ = {
			isa = PBXSourcesBuildPhase;
			buildActionMask = 2147483647;
			files = (
				758E08F62BC59017003B98D6 /* ToastView.swift in Sources */,
				758E08F82BC59099003B98D6 /* ContentView.swift in Sources */,
				758E08F02BC58F87003B98D6 /* Toast.swift in Sources */,
				758E08FB2BC592E6003B98D6 /* ToastsCore.swift in Sources */,
				758E08F22BC58FD3003B98D6 /* ToastItem.swift in Sources */,
				75D9F6C22A336DFF001A3908 /* HMToasts.docc in Sources */,
				758E08EE2BC58F64003B98D6 /* PassthroughWindow.swift in Sources */,
				758E08F42BC58FF6003B98D6 /* ToastGroup.swift in Sources */,
			);
			runOnlyForDeploymentPostprocessing = 0;
		};
		75D9F6C32A336DFF001A3908 /* Sources */ = {
			isa = PBXSourcesBuildPhase;
			buildActionMask = 2147483647;
			files = (
				75D9F6CD2A336DFF001A3908 /* HMToastsTests.swift in Sources */,
			);
			runOnlyForDeploymentPostprocessing = 0;
		};
/* End PBXSourcesBuildPhase section */

/* Begin PBXTargetDependency section */
		75D9F6CA2A336DFF001A3908 /* PBXTargetDependency */ = {
			isa = PBXTargetDependency;
			target = 75D9F6BC2A336DFF001A3908 /* Hummel Toasts */;
			targetProxy = 75D9F6C92A336DFF001A3908 /* PBXContainerItemProxy */;
		};
/* End PBXTargetDependency section */

/* Begin XCBuildConfiguration section */
		75D9F6CF2A336DFF001A3908 /* Debug */ = {
			isa = XCBuildConfiguration;
			buildSettings = {
				ALWAYS_SEARCH_USER_PATHS = NO;
				ASSETCATALOG_COMPILER_GENERATE_SWIFT_ASSET_SYMBOL_EXTENSIONS = YES;
				CLANG_ANALYZER_NONNULL = YES;
				CLANG_ANALYZER_NUMBER_OBJECT_CONVERSION = YES_AGGRESSIVE;
				CLANG_CXX_LANGUAGE_STANDARD = "gnu++20";
				CLANG_ENABLE_MODULES = YES;
				CLANG_ENABLE_OBJC_ARC = YES;
				CLANG_ENABLE_OBJC_WEAK = YES;
				CLANG_WARN_BLOCK_CAPTURE_AUTORELEASING = YES;
				CLANG_WARN_BOOL_CONVERSION = YES;
				CLANG_WARN_COMMA = YES;
				CLANG_WARN_CONSTANT_CONVERSION = YES;
				CLANG_WARN_DEPRECATED_OBJC_IMPLEMENTATIONS = YES;
				CLANG_WARN_DIRECT_OBJC_ISA_USAGE = YES_ERROR;
				CLANG_WARN_DOCUMENTATION_COMMENTS = YES;
				CLANG_WARN_EMPTY_BODY = YES;
				CLANG_WARN_ENUM_CONVERSION = YES;
				CLANG_WARN_INFINITE_RECURSION = YES;
				CLANG_WARN_INT_CONVERSION = YES;
				CLANG_WARN_NON_LITERAL_NULL_CONVERSION = YES;
				CLANG_WARN_OBJC_IMPLICIT_RETAIN_SELF = YES;
				CLANG_WARN_OBJC_LITERAL_CONVERSION = YES;
				CLANG_WARN_OBJC_ROOT_CLASS = YES_ERROR;
				CLANG_WARN_QUOTED_INCLUDE_IN_FRAMEWORK_HEADER = YES;
				CLANG_WARN_RANGE_LOOP_ANALYSIS = YES;
				CLANG_WARN_STRICT_PROTOTYPES = YES;
				CLANG_WARN_SUSPICIOUS_MOVE = YES;
				CLANG_WARN_UNGUARDED_AVAILABILITY = YES_AGGRESSIVE;
				CLANG_WARN_UNREACHABLE_CODE = YES;
				CLANG_WARN__DUPLICATE_METHOD_MATCH = YES;
				COPY_PHASE_STRIP = NO;
				CURRENT_PROJECT_VERSION = 1;
				DEBUG_INFORMATION_FORMAT = dwarf;
				ENABLE_STRICT_OBJC_MSGSEND = YES;
				ENABLE_TESTABILITY = YES;
				ENABLE_USER_SCRIPT_SANDBOXING = YES;
				GCC_C_LANGUAGE_STANDARD = gnu17;
				GCC_DYNAMIC_NO_PIC = NO;
				GCC_NO_COMMON_BLOCKS = YES;
				GCC_OPTIMIZATION_LEVEL = 0;
				GCC_PREPROCESSOR_DEFINITIONS = (
					"DEBUG=1",
					"$(inherited)",
				);
				GCC_WARN_64_TO_32_BIT_CONVERSION = YES;
				GCC_WARN_ABOUT_RETURN_TYPE = YES_ERROR;
				GCC_WARN_UNDECLARED_SELECTOR = YES;
				GCC_WARN_UNINITIALIZED_AUTOS = YES_AGGRESSIVE;
				GCC_WARN_UNUSED_FUNCTION = YES;
				GCC_WARN_UNUSED_VARIABLE = YES;
				IPHONEOS_DEPLOYMENT_TARGET = 17.0;
				LOCALIZATION_PREFERS_STRING_CATALOGS = YES;
				MTL_ENABLE_DEBUG_INFO = INCLUDE_SOURCE;
				MTL_FAST_MATH = YES;
				ONLY_ACTIVE_ARCH = YES;
				SDKROOT = iphoneos;
				SWIFT_ACTIVE_COMPILATION_CONDITIONS = "DEBUG $(inherited)";
				SWIFT_OPTIMIZATION_LEVEL = "-Onone";
				VERSIONING_SYSTEM = "apple-generic";
				VERSION_INFO_PREFIX = "";
			};
			name = Debug;
		};
		75D9F6D02A336DFF001A3908 /* Release */ = {
			isa = XCBuildConfiguration;
			buildSettings = {
				ALWAYS_SEARCH_USER_PATHS = NO;
				ASSETCATALOG_COMPILER_GENERATE_SWIFT_ASSET_SYMBOL_EXTENSIONS = YES;
				CLANG_ANALYZER_NONNULL = YES;
				CLANG_ANALYZER_NUMBER_OBJECT_CONVERSION = YES_AGGRESSIVE;
				CLANG_CXX_LANGUAGE_STANDARD = "gnu++20";
				CLANG_ENABLE_MODULES = YES;
				CLANG_ENABLE_OBJC_ARC = YES;
				CLANG_ENABLE_OBJC_WEAK = YES;
				CLANG_WARN_BLOCK_CAPTURE_AUTORELEASING = YES;
				CLANG_WARN_BOOL_CONVERSION = YES;
				CLANG_WARN_COMMA = YES;
				CLANG_WARN_CONSTANT_CONVERSION = YES;
				CLANG_WARN_DEPRECATED_OBJC_IMPLEMENTATIONS = YES;
				CLANG_WARN_DIRECT_OBJC_ISA_USAGE = YES_ERROR;
				CLANG_WARN_DOCUMENTATION_COMMENTS = YES;
				CLANG_WARN_EMPTY_BODY = YES;
				CLANG_WARN_ENUM_CONVERSION = YES;
				CLANG_WARN_INFINITE_RECURSION = YES;
				CLANG_WARN_INT_CONVERSION = YES;
				CLANG_WARN_NON_LITERAL_NULL_CONVERSION = YES;
				CLANG_WARN_OBJC_IMPLICIT_RETAIN_SELF = YES;
				CLANG_WARN_OBJC_LITERAL_CONVERSION = YES;
				CLANG_WARN_OBJC_ROOT_CLASS = YES_ERROR;
				CLANG_WARN_QUOTED_INCLUDE_IN_FRAMEWORK_HEADER = YES;
				CLANG_WARN_RANGE_LOOP_ANALYSIS = YES;
				CLANG_WARN_STRICT_PROTOTYPES = YES;
				CLANG_WARN_SUSPICIOUS_MOVE = YES;
				CLANG_WARN_UNGUARDED_AVAILABILITY = YES_AGGRESSIVE;
				CLANG_WARN_UNREACHABLE_CODE = YES;
				CLANG_WARN__DUPLICATE_METHOD_MATCH = YES;
				COPY_PHASE_STRIP = NO;
				CURRENT_PROJECT_VERSION = 1;
				DEBUG_INFORMATION_FORMAT = "dwarf-with-dsym";
				ENABLE_NS_ASSERTIONS = NO;
				ENABLE_STRICT_OBJC_MSGSEND = YES;
				ENABLE_USER_SCRIPT_SANDBOXING = YES;
				GCC_C_LANGUAGE_STANDARD = gnu17;
				GCC_NO_COMMON_BLOCKS = YES;
				GCC_WARN_64_TO_32_BIT_CONVERSION = YES;
				GCC_WARN_ABOUT_RETURN_TYPE = YES_ERROR;
				GCC_WARN_UNDECLARED_SELECTOR = YES;
				GCC_WARN_UNINITIALIZED_AUTOS = YES_AGGRESSIVE;
				GCC_WARN_UNUSED_FUNCTION = YES;
				GCC_WARN_UNUSED_VARIABLE = YES;
				IPHONEOS_DEPLOYMENT_TARGET = 17.0;
				LOCALIZATION_PREFERS_STRING_CATALOGS = YES;
				MTL_ENABLE_DEBUG_INFO = NO;
				MTL_FAST_MATH = YES;
				SDKROOT = iphoneos;
				SWIFT_COMPILATION_MODE = wholemodule;
				VALIDATE_PRODUCT = YES;
				VERSIONING_SYSTEM = "apple-generic";
				VERSION_INFO_PREFIX = "";
			};
			name = Release;
		};
		75D9F6D22A336DFF001A3908 /* Debug */ = {
			isa = XCBuildConfiguration;
			buildSettings = {
				CODE_SIGN_IDENTITY = "";
				CODE_SIGN_STYLE = Automatic;
				CURRENT_PROJECT_VERSION = 1;
				DEFINES_MODULE = YES;
				DEVELOPMENT_TEAM = H4S5B9F55T;
				DYLIB_COMPATIBILITY_VERSION = 1;
				DYLIB_CURRENT_VERSION = 1;
				DYLIB_INSTALL_NAME_BASE = "@rpath";
				ENABLE_MODULE_VERIFIER = YES;
				GENERATE_INFOPLIST_FILE = YES;
				INFOPLIST_KEY_NSHumanReadableCopyright = "";
				INSTALL_PATH = "$(LOCAL_LIBRARY_DIR)/Frameworks";
				IPHONEOS_DEPLOYMENT_TARGET = 15.0;
				LD_RUNPATH_SEARCH_PATHS = (
					"$(inherited)",
					"@executable_path/Frameworks",
					"@loader_path/Frameworks",
				);
				MARKETING_VERSION = 1.0;
				MODULE_VERIFIER_SUPPORTED_LANGUAGES = "objective-c objective-c++";
				MODULE_VERIFIER_SUPPORTED_LANGUAGE_STANDARDS = "gnu17 gnu++20";
				PRODUCT_BUNDLE_IDENTIFIER = com.hummel.HMToasts;
				PRODUCT_NAME = "$(TARGET_NAME:c99extidentifier)";
				SKIP_INSTALL = YES;
				SUPPORTED_PLATFORMS = "iphoneos iphonesimulator";
				SUPPORTS_MACCATALYST = NO;
				SUPPORTS_MAC_DESIGNED_FOR_IPHONE_IPAD = NO;
				SWIFT_EMIT_LOC_STRINGS = YES;
				SWIFT_VERSION = 5.0;
				TARGETED_DEVICE_FAMILY = "1,2";
			};
			name = Debug;
		};
		75D9F6D32A336DFF001A3908 /* Release */ = {
			isa = XCBuildConfiguration;
			buildSettings = {
				CODE_SIGN_IDENTITY = "";
				CODE_SIGN_STYLE = Automatic;
				CURRENT_PROJECT_VERSION = 1;
				DEFINES_MODULE = YES;
				DEVELOPMENT_TEAM = H4S5B9F55T;
				DYLIB_COMPATIBILITY_VERSION = 1;
				DYLIB_CURRENT_VERSION = 1;
				DYLIB_INSTALL_NAME_BASE = "@rpath";
				ENABLE_MODULE_VERIFIER = YES;
				GENERATE_INFOPLIST_FILE = YES;
				INFOPLIST_KEY_NSHumanReadableCopyright = "";
				INSTALL_PATH = "$(LOCAL_LIBRARY_DIR)/Frameworks";
				IPHONEOS_DEPLOYMENT_TARGET = 15.0;
				LD_RUNPATH_SEARCH_PATHS = (
					"$(inherited)",
					"@executable_path/Frameworks",
					"@loader_path/Frameworks",
				);
				MARKETING_VERSION = 1.0;
				MODULE_VERIFIER_SUPPORTED_LANGUAGES = "objective-c objective-c++";
				MODULE_VERIFIER_SUPPORTED_LANGUAGE_STANDARDS = "gnu17 gnu++20";
				PRODUCT_BUNDLE_IDENTIFIER = com.hummel.HMToasts;
				PRODUCT_NAME = "$(TARGET_NAME:c99extidentifier)";
				SKIP_INSTALL = YES;
				SUPPORTED_PLATFORMS = "iphoneos iphonesimulator";
				SUPPORTS_MACCATALYST = NO;
				SUPPORTS_MAC_DESIGNED_FOR_IPHONE_IPAD = NO;
				SWIFT_EMIT_LOC_STRINGS = YES;
				SWIFT_VERSION = 5.0;
				TARGETED_DEVICE_FAMILY = "1,2";
			};
			name = Release;
		};
		75D9F6D52A336DFF001A3908 /* Debug */ = {
			isa = XCBuildConfiguration;
			buildSettings = {
				ALWAYS_EMBED_SWIFT_STANDARD_LIBRARIES = YES;
				CODE_SIGN_STYLE = Automatic;
				CURRENT_PROJECT_VERSION = 1;
				DEVELOPMENT_TEAM = H4S5B9F55T;
				GENERATE_INFOPLIST_FILE = YES;
				MARKETING_VERSION = 1.0;
				PRODUCT_BUNDLE_IDENTIFIER = com.hummel.HMToastsTests;
				PRODUCT_NAME = "$(TARGET_NAME)";
				SWIFT_EMIT_LOC_STRINGS = NO;
				SWIFT_VERSION = 5.0;
				TARGETED_DEVICE_FAMILY = "1,2";
			};
			name = Debug;
		};
		75D9F6D62A336DFF001A3908 /* Release */ = {
			isa = XCBuildConfiguration;
			buildSettings = {
				ALWAYS_EMBED_SWIFT_STANDARD_LIBRARIES = YES;
				CODE_SIGN_STYLE = Automatic;
				CURRENT_PROJECT_VERSION = 1;
				DEVELOPMENT_TEAM = H4S5B9F55T;
				GENERATE_INFOPLIST_FILE = YES;
				MARKETING_VERSION = 1.0;
				PRODUCT_BUNDLE_IDENTIFIER = com.hummel.HMToastsTests;
				PRODUCT_NAME = "$(TARGET_NAME)";
				SWIFT_EMIT_LOC_STRINGS = NO;
				SWIFT_VERSION = 5.0;
				TARGETED_DEVICE_FAMILY = "1,2";
			};
			name = Release;
		};
/* End XCBuildConfiguration section */

/* Begin XCConfigurationList section */
		75D9F6B72A336DFF001A3908 /* Build configuration list for PBXProject "Hummel Toasts" */ = {
			isa = XCConfigurationList;
			buildConfigurations = (
				75D9F6CF2A336DFF001A3908 /* Debug */,
				75D9F6D02A336DFF001A3908 /* Release */,
			);
			defaultConfigurationIsVisible = 0;
			defaultConfigurationName = Release;
		};
		75D9F6D12A336DFF001A3908 /* Build configuration list for PBXNativeTarget "Hummel Toasts" */ = {
			isa = XCConfigurationList;
			buildConfigurations = (
				75D9F6D22A336DFF001A3908 /* Debug */,
				75D9F6D32A336DFF001A3908 /* Release */,
			);
			defaultConfigurationIsVisible = 0;
			defaultConfigurationName = Release;
		};
		75D9F6D42A336DFF001A3908 /* Build configuration list for PBXNativeTarget "Hummel ToastsTests" */ = {
			isa = XCConfigurationList;
			buildConfigurations = (
				75D9F6D52A336DFF001A3908 /* Debug */,
				75D9F6D62A336DFF001A3908 /* Release */,
			);
			defaultConfigurationIsVisible = 0;
			defaultConfigurationName = Release;
		};
/* End XCConfigurationList section */
	};
	rootObject = 75D9F6B42A336DFF001A3908 /* Project object */;
}
